
Microsoft Visual Studio Solution File, Format Version 12.00
# Visual Studio Version 17
VisualStudioVersion = 17.7.34024.191
MinimumVisualStudioVersion = 10.0.40219.1
Project("{FAE04EC0-301F-11D3-BF4B-00C04F79EFBC}") = "Veterinaria", "Veterinaria\Veterinaria.csproj", "{B4F81568-6E2C-4E26-BB13-658EDAA57DAA}"
EndProject
Global
	GlobalSection(SolutionConfigurationPlatforms) = preSolution
		Debug|Any CPU = Debug|Any CPU
		Release|Any CPU = Release|Any CPU
	EndGlobalSection
	GlobalSection(ProjectConfigurationPlatforms) = postSolution
		{B4F81568-6E2C-4E26-BB13-658EDAA57DAA}.Debug|Any CPU.ActiveCfg = Debug|Any CPU
		{B4F81568-6E2C-4E26-BB13-658EDAA57DAA}.Debug|Any CPU.Build.0 = Debug|Any CPU
		{B4F81568-6E2C-4E26-BB13-658EDAA57DAA}.Release|Any CPU.ActiveCfg = Release|Any CPU
		{B4F81568-6E2C-4E26-BB13-658EDAA57DAA}.Release|Any CPU.Build.0 = Release|Any CPU
	EndGlobalSection
	GlobalSection(SolutionProperties) = preSolution
		HideSolutionNode = FALSE
	EndGlobalSection
	GlobalSection(ExtensibilityGlobals) = postSolution
		SolutionGuid = {DE58EFD1-3EFF-40CE-A6AA-78676D97A3F6}
	EndGlobalSection
EndGlobal
